
Microsoft Visual Studio Solution File, Format Version 12.00
# Visual Studio 15
VisualStudioVersion = 15.0.28010.2036
MinimumVisualStudioVersion = 10.0.40219.1
Project("{FAE04EC0-301F-11D3-BF4B-00C04F79EFBC}") = "OdekuTour", "OdekuTour.csproj", "{3BFBC8AE-F5B2-4B66-AF99-985430D8287F}"
EndProject
Global
	GlobalSection(SolutionConfigurationPlatforms) = preSolution
		Debug|Any CPU = Debug|Any CPU
		Release|Any CPU = Release|Any CPU
	EndGlobalSection
	GlobalSection(ProjectConfigurationPlatforms) = postSolution
		{3BFBC8AE-F5B2-4B66-AF99-985430D8287F}.Debug|Any CPU.ActiveCfg = Debug|Any CPU
		{3BFBC8AE-F5B2-4B66-AF99-985430D8287F}.Debug|Any CPU.Build.0 = Debug|Any CPU
		{3BFBC8AE-F5B2-4B66-AF99-985430D8287F}.Release|Any CPU.ActiveCfg = Release|Any CPU
		{3BFBC8AE-F5B2-4B66-AF99-985430D8287F}.Release|Any CPU.Build.0 = Release|Any CPU
	EndGlobalSection
	GlobalSection(SolutionProperties) = preSolution
		HideSolutionNode = FALSE
	EndGlobalSection
	GlobalSection(ExtensibilityGlobals) = postSolution
		SolutionGuid = {B08D0D18-F3AD-45BA-9E0D-E3869624DCA9}
	EndGlobalSection
EndGlobal
